
Microsoft Visual Studio Solution File, Format Version 12.00
# Visual Studio 15
VisualStudioVersion = 15.0.28307.757
MinimumVisualStudioVersion = 10.0.40219.1
Project("{FAE04EC0-301F-11D3-BF4B-00C04F79EFBC}") = "ConsoleApp2", "ConsoleApp2\ConsoleApp2.csproj", "{087F8D42-4F6F-491A-B782-AC481CA01ECD}"
EndProject
Global
	GlobalSection(SolutionConfigurationPlatforms) = preSolution
		Debug|Any CPU = Debug|Any CPU
		Release|Any CPU = Release|Any CPU
	EndGlobalSection
	GlobalSection(ProjectConfigurationPlatforms) = postSolution
		{087F8D42-4F6F-491A-B782-AC481CA01ECD}.Debug|Any CPU.ActiveCfg = Debug|Any CPU
		{087F8D42-4F6F-491A-B782-AC481CA01ECD}.Debug|Any CPU.Build.0 = Debug|Any CPU
		{087F8D42-4F6F-491A-B782-AC481CA01ECD}.Release|Any CPU.ActiveCfg = Release|Any CPU
		{087F8D42-4F6F-491A-B782-AC481CA01ECD}.Release|Any CPU.Build.0 = Release|Any CPU
	EndGlobalSection
	GlobalSection(SolutionProperties) = preSolution
		HideSolutionNode = FALSE
	EndGlobalSection
	GlobalSection(ExtensibilityGlobals) = postSolution
		SolutionGuid = {5C6933BA-E7BD-4580-BACF-864911625823}
	EndGlobalSection
EndGlobal
